
Microsoft Visual Studio Solution File, Format Version 12.00
# Visual Studio Version 17
VisualStudioVersion = 17.5.33530.505
MinimumVisualStudioVersion = 10.0.40219.1
Project("{FAE04EC0-301F-11D3-BF4B-00C04F79EFBC}") = "codeMaster_soru1", "codeMaster_soru1\codeMaster_soru1.csproj", "{44F26463-7EC1-41D5-A8D4-5DA38E5CD3DE}"
EndProject
Global
	GlobalSection(SolutionConfigurationPlatforms) = preSolution
		Debug|Any CPU = Debug|Any CPU
		Release|Any CPU = Release|Any CPU
	EndGlobalSection
	GlobalSection(ProjectConfigurationPlatforms) = postSolution
		{44F26463-7EC1-41D5-A8D4-5DA38E5CD3DE}.Debug|Any CPU.ActiveCfg = Debug|Any CPU
		{44F26463-7EC1-41D5-A8D4-5DA38E5CD3DE}.Debug|Any CPU.Build.0 = Debug|Any CPU
		{44F26463-7EC1-41D5-A8D4-5DA38E5CD3DE}.Release|Any CPU.ActiveCfg = Release|Any CPU
		{44F26463-7EC1-41D5-A8D4-5DA38E5CD3DE}.Release|Any CPU.Build.0 = Release|Any CPU
	EndGlobalSection
	GlobalSection(SolutionProperties) = preSolution
		HideSolutionNode = FALSE
	EndGlobalSection
	GlobalSection(ExtensibilityGlobals) = postSolution
		SolutionGuid = {F7DD06AC-574D-4626-A6A4-591215743B67}
	EndGlobalSection
EndGlobal
